github.com/chewxy/math32 v1.11.1 h1:b7PGHlp8KjylDoU8RrcEsRuGZhJuz8haxnKfuMMRqy8=
github.com/chewxy/math32 v1.11.1/go.mod h1:dOB2rcuFrCn6UHrze36WSLVPKtzPMRAQvBvUwkSsLqs=
github.com/fogfish/golem/hseq v1.3.0 h1:WIJViOF7vsPHvqVLzFrIz4QrBI4EPTC34esrQnjqUvk=
github.com/fogfish/golem/hseq v1.3.0/go.mod h1:17XORt8nNKl6KOhF43MHSmjK8NksbkBsohAoJGiinUs=
github.com/fogfish/golem/optics v0.14.0 h1:8XFZ6rlr6GlwDPB/jUtEcPbFngbpY9DfArDXcFN2mts=
github.com/fogfish/golem/optics v0.14.0/go.mod h1:aTXUA/VC6yu3zbUN1Tmy4Z4IW0jxfDFF4c2UB5MuwkA=
github.com/fogfish/golem/trait v0.3.0 h1:3jUC2hG/4lPHE30csmSJCJKZ5N2AnciAx3PZZrhsuJA=
github.com/fogfish/golem/trait v0.3.0/go.mod h1:MLcG+cb4EQvdvyW/dFUpm+1WWsmS/khiOlfs7Eoe1ko=
github.com/fogfish/it/v2 v2.2.1 h1:NuuaENAZka8XiJkEj2Q6THRsHSwleC/BLDux82NvkII=
github.com/fogfish/it/v2 v2.2.1/go.mod h1:HHwufnTaZTvlRVnSesPl49HzzlMrQtweKbf+8Co/ll4=
github.com/kshard/embeddings/scanner v0.0.5 h1:vKSSbMNgLWmdSROJJpTwBfxVW20akbM+dC6rDGejgsM=
github.com/kshard/embeddings/scanner v0.0.5/go.mod h1:FNIjOGsGaymboc0gyQ8ggRsitT2N+3zIukXl+jwZWlY=
golang.org/x/time v0.11.0 h1:/bpjEDfN9tkoN/ryeYHnv5hcMlc8ncjMcM4XBk5NWV0=
golang.org/x/time v0.11.0/go.mod h1:CDIdPxbZBQxdj6cxyCIdrNogrJKMJ7pr37NYpMcMDSg=
