github.com/kshard/atom v0.0.3 h1:8Z3bV65HFN6RYgsx0Z5/atfGSKm8ESaCYrRtV16OLcI=
github.com/kshard/atom v0.0.3/go.mod h1:eZPpTT9FuXE85ioCDVzkc49JljrJBlnVtyZMwpjs4EU=
github.com/kshard/embeddings v0.0.1 h1:MiTs4eymhMv2P9jKML9GkLfzLIdzyru/4WP3KjiR96E=
github.com/kshard/embeddings v0.0.1/go.mod h1:S+rTzXPtBSXrtiXoVzOkLhcsPMHIpbucTNSksJ9F3uE=
